
Microsoft Visual Studio Solution File, Format Version 12.00
# Visual Studio Version 16
VisualStudioVersion = 16.0.30717.126
MinimumVisualStudioVersion = 15.0.26124.0
Project("{9A19103F-16F7-4668-BE54-9A1E7A4F7556}") = "EmailMessaging", "EmailMessaging\EmailMessaging.csproj", "{69B0CFCF-E190-4926-A3B7-E2248C1C11F8}"
EndProject
Project("{FAE04EC0-301F-11D3-BF4B-00C04F79EFBC}") = "prubas", "prubas\prubas.csproj", "{082A7A11-8391-49D0-BD3F-D964ED0EEFE2}"
EndProject
Global
	GlobalSection(SolutionConfigurationPlatforms) = preSolution
		Debug|Any CPU = Debug|Any CPU
		Release|Any CPU = Release|Any CPU
	EndGlobalSection
	GlobalSection(ProjectConfigurationPlatforms) = postSolution
		{69B0CFCF-E190-4926-A3B7-E2248C1C11F8}.Debug|Any CPU.ActiveCfg = Debug|Any CPU
		{69B0CFCF-E190-4926-A3B7-E2248C1C11F8}.Debug|Any CPU.Build.0 = Debug|Any CPU
		{69B0CFCF-E190-4926-A3B7-E2248C1C11F8}.Release|Any CPU.ActiveCfg = Release|Any CPU
		{69B0CFCF-E190-4926-A3B7-E2248C1C11F8}.Release|Any CPU.Build.0 = Release|Any CPU
		{082A7A11-8391-49D0-BD3F-D964ED0EEFE2}.Debug|Any CPU.ActiveCfg = Debug|Any CPU
		{082A7A11-8391-49D0-BD3F-D964ED0EEFE2}.Debug|Any CPU.Build.0 = Debug|Any CPU
		{082A7A11-8391-49D0-BD3F-D964ED0EEFE2}.Release|Any CPU.ActiveCfg = Release|Any CPU
		{082A7A11-8391-49D0-BD3F-D964ED0EEFE2}.Release|Any CPU.Build.0 = Release|Any CPU
	EndGlobalSection
	GlobalSection(SolutionProperties) = preSolution
		HideSolutionNode = FALSE
	EndGlobalSection
	GlobalSection(ExtensibilityGlobals) = postSolution
		SolutionGuid = {FC0DD6F4-52D3-4072-B9F4-B0C81FD081FF}
	EndGlobalSection
EndGlobal
